
Microsoft Visual Studio Solution File, Format Version 12.00
# Visual Studio Version 17
VisualStudioVersion = 17.0.31903.59
MinimumVisualStudioVersion = 10.0.40219.1
Project("{2150E333-8FDC-42A3-9474-1A3956D46DE8}") = "src", "src", "{827E0CD3-B72D-47B6-A68D-7590B98EB39B}"
EndProject
Project("{FAE04EC0-301F-11D3-BF4B-00C04F79EFBC}") = "Chirp.Web", "src\Chirp.Web\Chirp.Web.csproj", "{8B37891E-ED7E-4D7B-A328-CBA1EFEFE62E}"
EndProject
Project("{FAE04EC0-301F-11D3-BF4B-00C04F79EFBC}") = "Chirp.Infrastructure", "src\Chirp.Infrastructure\Chirp.Infrastructure.csproj", "{68CFD4D4-4D17-4658-89A1-F2C975423873}"
EndProject
Project("{FAE04EC0-301F-11D3-BF4B-00C04F79EFBC}") = "Chirp.Core", "src\Chirp.Core\Chirp.Core.csproj", "{B40CD0ED-174C-40AC-AF57-9548481B1B36}"
EndProject
Project("{2150E333-8FDC-42A3-9474-1A3956D46DE8}") = "test", "test", "{0C88DD14-F956-CE84-757C-A364CCF449FC}"
EndProject
Project("{FAE04EC0-301F-11D3-BF4B-00C04F79EFBC}") = "CoreTest", "test\CoreTest\CoreTest.csproj", "{DAF53C8E-40FA-4F51-81D9-A1294484093C}"
EndProject
Project("{FAE04EC0-301F-11D3-BF4B-00C04F79EFBC}") = "InfrastructureTest", "test\InfrastructureTest\InfrastructureTest.csproj", "{AC1F9CDD-592B-4E81-9172-2CA42735127F}"
EndProject
Project("{2150E333-8FDC-42A3-9474-1A3956D46DE8}") = "WebTest", "WebTest", "{37F29A04-9D3B-47AB-B8C7-FE53A0D21462}"
EndProject
Project("{FAE04EC0-301F-11D3-BF4B-00C04F79EFBC}") = "PagesTest", "test\WebTest\PagesTest.csproj", "{D54005E1-FF67-4557-BBDA-762EB1F06E8E}"
EndProject
Project("{2150E333-8FDC-42A3-9474-1A3956D46DE8}") = "databaseTest", "databaseTest", "{3360D44C-465D-351F-220E-8C2B2577BE69}"
EndProject
Project("{FAE04EC0-301F-11D3-BF4B-00C04F79EFBC}") = "DatabaseTest", "test\databaseTest\DatabaseTest.csproj", "{4D23CDCA-8A36-49ED-9B0D-B476CBBDD72E}"
EndProject
Global
	GlobalSection(SolutionConfigurationPlatforms) = preSolution
		Debug|Any CPU = Debug|Any CPU
		Debug|x64 = Debug|x64
		Debug|x86 = Debug|x86
		Release|Any CPU = Release|Any CPU
		Release|x64 = Release|x64
		Release|x86 = Release|x86
	EndGlobalSection
	GlobalSection(ProjectConfigurationPlatforms) = postSolution
		{8B37891E-ED7E-4D7B-A328-CBA1EFEFE62E}.Debug|Any CPU.ActiveCfg = Debug|Any CPU
		{8B37891E-ED7E-4D7B-A328-CBA1EFEFE62E}.Debug|Any CPU.Build.0 = Debug|Any CPU
		{8B37891E-ED7E-4D7B-A328-CBA1EFEFE62E}.Debug|x64.ActiveCfg = Debug|Any CPU
		{8B37891E-ED7E-4D7B-A328-CBA1EFEFE62E}.Debug|x64.Build.0 = Debug|Any CPU
		{8B37891E-ED7E-4D7B-A328-CBA1EFEFE62E}.Debug|x86.ActiveCfg = Debug|Any CPU
		{8B37891E-ED7E-4D7B-A328-CBA1EFEFE62E}.Debug|x86.Build.0 = Debug|Any CPU
		{8B37891E-ED7E-4D7B-A328-CBA1EFEFE62E}.Release|Any CPU.ActiveCfg = Release|Any CPU
		{8B37891E-ED7E-4D7B-A328-CBA1EFEFE62E}.Release|Any CPU.Build.0 = Release|Any CPU
		{8B37891E-ED7E-4D7B-A328-CBA1EFEFE62E}.Release|x64.ActiveCfg = Release|Any CPU
		{8B37891E-ED7E-4D7B-A328-CBA1EFEFE62E}.Release|x64.Build.0 = Release|Any CPU
		{8B37891E-ED7E-4D7B-A328-CBA1EFEFE62E}.Release|x86.ActiveCfg = Release|Any CPU
		{8B37891E-ED7E-4D7B-A328-CBA1EFEFE62E}.Release|x86.Build.0 = Release|Any CPU
		{68CFD4D4-4D17-4658-89A1-F2C975423873}.Debug|Any CPU.ActiveCfg = Debug|Any CPU
		{68CFD4D4-4D17-4658-89A1-F2C975423873}.Debug|Any CPU.Build.0 = Debug|Any CPU
		{68CFD4D4-4D17-4658-89A1-F2C975423873}.Debug|x64.ActiveCfg = Debug|Any CPU
		{68CFD4D4-4D17-4658-89A1-F2C975423873}.Debug|x64.Build.0 = Debug|Any CPU
		{68CFD4D4-4D17-4658-89A1-F2C975423873}.Debug|x86.ActiveCfg = Debug|Any CPU
		{68CFD4D4-4D17-4658-89A1-F2C975423873}.Debug|x86.Build.0 = Debug|Any CPU
		{68CFD4D4-4D17-4658-89A1-F2C975423873}.Release|Any CPU.ActiveCfg = Release|Any CPU
		{68CFD4D4-4D17-4658-89A1-F2C975423873}.Release|Any CPU.Build.0 = Release|Any CPU
		{68CFD4D4-4D17-4658-89A1-F2C975423873}.Release|x64.ActiveCfg = Release|Any CPU
		{68CFD4D4-4D17-4658-89A1-F2C975423873}.Release|x64.Build.0 = Release|Any CPU
		{68CFD4D4-4D17-4658-89A1-F2C975423873}.Release|x86.ActiveCfg = Release|Any CPU
		{68CFD4D4-4D17-4658-89A1-F2C975423873}.Release|x86.Build.0 = Release|Any CPU
		{B40CD0ED-174C-40AC-AF57-9548481B1B36}.Debug|Any CPU.ActiveCfg = Debug|Any CPU
		{B40CD0ED-174C-40AC-AF57-9548481B1B36}.Debug|Any CPU.Build.0 = Debug|Any CPU
		{B40CD0ED-174C-40AC-AF57-9548481B1B36}.Debug|x64.ActiveCfg = Debug|Any CPU
		{B40CD0ED-174C-40AC-AF57-9548481B1B36}.Debug|x64.Build.0 = Debug|Any CPU
		{B40CD0ED-174C-40AC-AF57-9548481B1B36}.Debug|x86.ActiveCfg = Debug|Any CPU
		{B40CD0ED-174C-40AC-AF57-9548481B1B36}.Debug|x86.Build.0 = Debug|Any CPU
		{B40CD0ED-174C-40AC-AF57-9548481B1B36}.Release|Any CPU.ActiveCfg = Release|Any CPU
		{B40CD0ED-174C-40AC-AF57-9548481B1B36}.Release|Any CPU.Build.0 = Release|Any CPU
		{B40CD0ED-174C-40AC-AF57-9548481B1B36}.Release|x64.ActiveCfg = Release|Any CPU
		{B40CD0ED-174C-40AC-AF57-9548481B1B36}.Release|x64.Build.0 = Release|Any CPU
		{B40CD0ED-174C-40AC-AF57-9548481B1B36}.Release|x86.ActiveCfg = Release|Any CPU
		{B40CD0ED-174C-40AC-AF57-9548481B1B36}.Release|x86.Build.0 = Release|Any CPU
		{DAF53C8E-40FA-4F51-81D9-A1294484093C}.Debug|Any CPU.ActiveCfg = Debug|Any CPU
		{DAF53C8E-40FA-4F51-81D9-A1294484093C}.Debug|Any CPU.Build.0 = Debug|Any CPU
		{DAF53C8E-40FA-4F51-81D9-A1294484093C}.Debug|x64.ActiveCfg = Debug|Any CPU
		{DAF53C8E-40FA-4F51-81D9-A1294484093C}.Debug|x64.Build.0 = Debug|Any CPU
		{DAF53C8E-40FA-4F51-81D9-A1294484093C}.Debug|x86.ActiveCfg = Debug|Any CPU
		{DAF53C8E-40FA-4F51-81D9-A1294484093C}.Debug|x86.Build.0 = Debug|Any CPU
		{DAF53C8E-40FA-4F51-81D9-A1294484093C}.Release|Any CPU.ActiveCfg = Release|Any CPU
		{DAF53C8E-40FA-4F51-81D9-A1294484093C}.Release|Any CPU.Build.0 = Release|Any CPU
		{DAF53C8E-40FA-4F51-81D9-A1294484093C}.Release|x64.ActiveCfg = Release|Any CPU
		{DAF53C8E-40FA-4F51-81D9-A1294484093C}.Release|x64.Build.0 = Release|Any CPU
		{DAF53C8E-40FA-4F51-81D9-A1294484093C}.Release|x86.ActiveCfg = Release|Any CPU
		{DAF53C8E-40FA-4F51-81D9-A1294484093C}.Release|x86.Build.0 = Release|Any CPU
		{AC1F9CDD-592B-4E81-9172-2CA42735127F}.Debug|Any CPU.ActiveCfg = Debug|Any CPU
		{AC1F9CDD-592B-4E81-9172-2CA42735127F}.Debug|Any CPU.Build.0 = Debug|Any CPU
		{AC1F9CDD-592B-4E81-9172-2CA42735127F}.Debug|x64.ActiveCfg = Debug|Any CPU
		{AC1F9CDD-592B-4E81-9172-2CA42735127F}.Debug|x64.Build.0 = Debug|Any CPU
		{AC1F9CDD-592B-4E81-9172-2CA42735127F}.Debug|x86.ActiveCfg = Debug|Any CPU
		{AC1F9CDD-592B-4E81-9172-2CA42735127F}.Debug|x86.Build.0 = Debug|Any CPU
		{AC1F9CDD-592B-4E81-9172-2CA42735127F}.Release|Any CPU.ActiveCfg = Release|Any CPU
		{AC1F9CDD-592B-4E81-9172-2CA42735127F}.Release|Any CPU.Build.0 = Release|Any CPU
		{AC1F9CDD-592B-4E81-9172-2CA42735127F}.Release|x64.ActiveCfg = Release|Any CPU
		{AC1F9CDD-592B-4E81-9172-2CA42735127F}.Release|x64.Build.0 = Release|Any CPU
		{AC1F9CDD-592B-4E81-9172-2CA42735127F}.Release|x86.ActiveCfg = Release|Any CPU
		{AC1F9CDD-592B-4E81-9172-2CA42735127F}.Release|x86.Build.0 = Release|Any CPU
		{D54005E1-FF67-4557-BBDA-762EB1F06E8E}.Debug|Any CPU.ActiveCfg = Debug|Any CPU
		{D54005E1-FF67-4557-BBDA-762EB1F06E8E}.Debug|Any CPU.Build.0 = Debug|Any CPU
		{D54005E1-FF67-4557-BBDA-762EB1F06E8E}.Debug|x64.ActiveCfg = Debug|Any CPU
		{D54005E1-FF67-4557-BBDA-762EB1F06E8E}.Debug|x64.Build.0 = Debug|Any CPU
		{D54005E1-FF67-4557-BBDA-762EB1F06E8E}.Debug|x86.ActiveCfg = Debug|Any CPU
		{D54005E1-FF67-4557-BBDA-762EB1F06E8E}.Debug|x86.Build.0 = Debug|Any CPU
		{D54005E1-FF67-4557-BBDA-762EB1F06E8E}.Release|Any CPU.ActiveCfg = Release|Any CPU
		{D54005E1-FF67-4557-BBDA-762EB1F06E8E}.Release|Any CPU.Build.0 = Release|Any CPU
		{D54005E1-FF67-4557-BBDA-762EB1F06E8E}.Release|x64.ActiveCfg = Release|Any CPU
		{D54005E1-FF67-4557-BBDA-762EB1F06E8E}.Release|x64.Build.0 = Release|Any CPU
		{D54005E1-FF67-4557-BBDA-762EB1F06E8E}.Release|x86.ActiveCfg = Release|Any CPU
		{D54005E1-FF67-4557-BBDA-762EB1F06E8E}.Release|x86.Build.0 = Release|Any CPU
		{4D23CDCA-8A36-49ED-9B0D-B476CBBDD72E}.Debug|Any CPU.ActiveCfg = Debug|Any CPU
		{4D23CDCA-8A36-49ED-9B0D-B476CBBDD72E}.Debug|Any CPU.Build.0 = Debug|Any CPU
		{4D23CDCA-8A36-49ED-9B0D-B476CBBDD72E}.Debug|x64.ActiveCfg = Debug|Any CPU
		{4D23CDCA-8A36-49ED-9B0D-B476CBBDD72E}.Debug|x64.Build.0 = Debug|Any CPU
		{4D23CDCA-8A36-49ED-9B0D-B476CBBDD72E}.Debug|x86.ActiveCfg = Debug|Any CPU
		{4D23CDCA-8A36-49ED-9B0D-B476CBBDD72E}.Debug|x86.Build.0 = Debug|Any CPU
		{4D23CDCA-8A36-49ED-9B0D-B476CBBDD72E}.Release|Any CPU.ActiveCfg = Release|Any CPU
		{4D23CDCA-8A36-49ED-9B0D-B476CBBDD72E}.Release|Any CPU.Build.0 = Release|Any CPU
		{4D23CDCA-8A36-49ED-9B0D-B476CBBDD72E}.Release|x64.ActiveCfg = Release|Any CPU
		{4D23CDCA-8A36-49ED-9B0D-B476CBBDD72E}.Release|x64.Build.0 = Release|Any CPU
		{4D23CDCA-8A36-49ED-9B0D-B476CBBDD72E}.Release|x86.ActiveCfg = Release|Any CPU
		{4D23CDCA-8A36-49ED-9B0D-B476CBBDD72E}.Release|x86.Build.0 = Release|Any CPU
	EndGlobalSection
	GlobalSection(SolutionProperties) = preSolution
		HideSolutionNode = FALSE
	EndGlobalSection
	GlobalSection(NestedProjects) = preSolution
		{8B37891E-ED7E-4D7B-A328-CBA1EFEFE62E} = {827E0CD3-B72D-47B6-A68D-7590B98EB39B}
		{68CFD4D4-4D17-4658-89A1-F2C975423873} = {827E0CD3-B72D-47B6-A68D-7590B98EB39B}
		{B40CD0ED-174C-40AC-AF57-9548481B1B36} = {827E0CD3-B72D-47B6-A68D-7590B98EB39B}
		{DAF53C8E-40FA-4F51-81D9-A1294484093C} = {0C88DD14-F956-CE84-757C-A364CCF449FC}
		{AC1F9CDD-592B-4E81-9172-2CA42735127F} = {0C88DD14-F956-CE84-757C-A364CCF449FC}
		{37F29A04-9D3B-47AB-B8C7-FE53A0D21462} = {0C88DD14-F956-CE84-757C-A364CCF449FC}
		{D54005E1-FF67-4557-BBDA-762EB1F06E8E} = {37F29A04-9D3B-47AB-B8C7-FE53A0D21462}
		{3360D44C-465D-351F-220E-8C2B2577BE69} = {0C88DD14-F956-CE84-757C-A364CCF449FC}
		{4D23CDCA-8A36-49ED-9B0D-B476CBBDD72E} = {3360D44C-465D-351F-220E-8C2B2577BE69}
	EndGlobalSection
EndGlobal
