
Microsoft Visual Studio Solution File, Format Version 12.00
Project("{FAE04EC0-301F-11D3-BF4B-00C04F79EFBC}") = "SimpleDB", "SimpleDB\SimpleDB.csproj", "{EFB8584C-78F7-4B67-B925-06674DE964CD}"
EndProject
Project("{FAE04EC0-301F-11D3-BF4B-00C04F79EFBC}") = "Chirp.CLI", "Chirp.CLI\Chirp.CLI.csproj", "{C606942E-3F3A-4D43-9580-ADC1AA6924D9}"
EndProject
Global
	GlobalSection(SolutionConfigurationPlatforms) = preSolution
		Debug|Any CPU = Debug|Any CPU
		Release|Any CPU = Release|Any CPU
	EndGlobalSection
	GlobalSection(ProjectConfigurationPlatforms) = postSolution
		{DED222B2-574D-4061-BCBB-5DF7C4C7391F}.Debug|Any CPU.ActiveCfg = Debug|Any CPU
		{DED222B2-574D-4061-BCBB-5DF7C4C7391F}.Debug|Any CPU.Build.0 = Debug|Any CPU
		{DED222B2-574D-4061-BCBB-5DF7C4C7391F}.Release|Any CPU.ActiveCfg = Release|Any CPU
		{DED222B2-574D-4061-BCBB-5DF7C4C7391F}.Release|Any CPU.Build.0 = Release|Any CPU
		{E998F951-16BE-4CF4-A6EB-315091C742BA}.Debug|Any CPU.ActiveCfg = Debug|Any CPU
		{E998F951-16BE-4CF4-A6EB-315091C742BA}.Debug|Any CPU.Build.0 = Debug|Any CPU
		{E998F951-16BE-4CF4-A6EB-315091C742BA}.Release|Any CPU.ActiveCfg = Release|Any CPU
		{E998F951-16BE-4CF4-A6EB-315091C742BA}.Release|Any CPU.Build.0 = Release|Any CPU
		{D0AFAC9E-0370-4B39-B4FB-D84394FDE7A4}.Debug|Any CPU.ActiveCfg = Debug|Any CPU
		{D0AFAC9E-0370-4B39-B4FB-D84394FDE7A4}.Debug|Any CPU.Build.0 = Debug|Any CPU
		{D0AFAC9E-0370-4B39-B4FB-D84394FDE7A4}.Release|Any CPU.ActiveCfg = Release|Any CPU
		{D0AFAC9E-0370-4B39-B4FB-D84394FDE7A4}.Release|Any CPU.Build.0 = Release|Any CPU
		{4620427E-F59A-496D-A919-B4C17168BEB2}.Debug|Any CPU.ActiveCfg = Debug|Any CPU
		{4620427E-F59A-496D-A919-B4C17168BEB2}.Debug|Any CPU.Build.0 = Debug|Any CPU
		{4620427E-F59A-496D-A919-B4C17168BEB2}.Release|Any CPU.ActiveCfg = Release|Any CPU
		{4620427E-F59A-496D-A919-B4C17168BEB2}.Release|Any CPU.Build.0 = Release|Any CPU
		{A50E24BE-4EDC-4735-B3BD-F4CF6983FFF7}.Debug|Any CPU.ActiveCfg = Debug|Any CPU
		{A50E24BE-4EDC-4735-B3BD-F4CF6983FFF7}.Debug|Any CPU.Build.0 = Debug|Any CPU
		{A50E24BE-4EDC-4735-B3BD-F4CF6983FFF7}.Release|Any CPU.ActiveCfg = Release|Any CPU
		{A50E24BE-4EDC-4735-B3BD-F4CF6983FFF7}.Release|Any CPU.Build.0 = Release|Any CPU
		{EFB8584C-78F7-4B67-B925-06674DE964CD}.Debug|Any CPU.ActiveCfg = Debug|Any CPU
		{EFB8584C-78F7-4B67-B925-06674DE964CD}.Debug|Any CPU.Build.0 = Debug|Any CPU
		{EFB8584C-78F7-4B67-B925-06674DE964CD}.Release|Any CPU.ActiveCfg = Release|Any CPU
		{EFB8584C-78F7-4B67-B925-06674DE964CD}.Release|Any CPU.Build.0 = Release|Any CPU
		{C606942E-3F3A-4D43-9580-ADC1AA6924D9}.Debug|Any CPU.ActiveCfg = Debug|Any CPU
		{C606942E-3F3A-4D43-9580-ADC1AA6924D9}.Debug|Any CPU.Build.0 = Debug|Any CPU
		{C606942E-3F3A-4D43-9580-ADC1AA6924D9}.Release|Any CPU.ActiveCfg = Release|Any CPU
		{C606942E-3F3A-4D43-9580-ADC1AA6924D9}.Release|Any CPU.Build.0 = Release|Any CPU
	EndGlobalSection
EndGlobal
